{
  "name": "template",
  "version": "1.0.0",
  "lockfileVersion": 3,
  "requires": true,
  "packages": {
    "": {
      "version": "1.0.0",
      "license": "MIT",
      "dependencies": {
        "my-task-scheduler": "^1.0.0"
      }
    },
    "node_modules/my-task-scheduler": {
      "version": "1.0.0",
      "resolved": "https://registry.npmjs.org/my-task-scheduler/-/my-task-scheduler-1.0.0.tgz",
      "integrity": "sha512-yIiG5dw1ZqkFH1lJDdxJuGg6DCVqMd74TwCZIJqss19LHAZ24kei6oxoMqHw96m8Gt3cfNpZXuxgiKn0UieESw=="
    }
  }
}
